
Microsoft Visual Studio Solution File, Format Version 12.00
# Visual Studio 2012
Project("{8BC9CEB8-8B4A-11D0-8D11-00A0C91BC942}") = "getGMMs", "getGMMs\getGMMs.vcxproj", "{CD0BAAEA-84A2-47B6-A371-1FC6275D076E}"
EndProject
Project("{8BC9CEB8-8B4A-11D0-8D11-00A0C91BC942}") = "getTrainTestData", "getTrainTestData\getTrainTestData.vcxproj", "{129B14DC-E0C1-4C8C-8941-573EB4E91F81}"
EndProject
Global
	GlobalSection(SolutionConfigurationPlatforms) = preSolution
		Debug|Win32 = Debug|Win32
		Release|Win32 = Release|Win32
	EndGlobalSection
	GlobalSection(ProjectConfigurationPlatforms) = postSolution
		{CD0BAAEA-84A2-47B6-A371-1FC6275D076E}.Debug|Win32.ActiveCfg = Debug|Win32
		{CD0BAAEA-84A2-47B6-A371-1FC6275D076E}.Debug|Win32.Build.0 = Debug|Win32
		{CD0BAAEA-84A2-47B6-A371-1FC6275D076E}.Release|Win32.ActiveCfg = Release|Win32
		{CD0BAAEA-84A2-47B6-A371-1FC6275D076E}.Release|Win32.Build.0 = Release|Win32
		{129B14DC-E0C1-4C8C-8941-573EB4E91F81}.Debug|Win32.ActiveCfg = Debug|Win32
		{129B14DC-E0C1-4C8C-8941-573EB4E91F81}.Debug|Win32.Build.0 = Debug|Win32
		{129B14DC-E0C1-4C8C-8941-573EB4E91F81}.Release|Win32.ActiveCfg = Release|Win32
		{129B14DC-E0C1-4C8C-8941-573EB4E91F81}.Release|Win32.Build.0 = Release|Win32
	EndGlobalSection
	GlobalSection(SolutionProperties) = preSolution
		HideSolutionNode = FALSE
	EndGlobalSection
EndGlobal
